// !$*UTF8*$!
{
	archiveVersion = 1;
	classes = {
	};
	objectVersion = 50;
	objects = {

/* Begin PBXBuildFile section */
		CEB965C62633071A005C8296 /* AppDelegate.swift in Sources */ = {isa = PBXBuildFile; fileRef = CEB965C52633071A005C8296 /* AppDelegate.swift */; };
		CEB965C82633071A005C8296 /* ContentView.swift in Sources */ = {isa = PBXBuildFile; fileRef = CEB965C72633071A005C8296 /* ContentView.swift */; };
		CEB965CA2633071B005C8296 /* Assets.xcassets in Resources */ = {isa = PBXBuildFile; fileRef = CEB965C92633071B005C8296 /* Assets.xcassets */; };
		CEB965CD2633071B005C8296 /* Preview Assets.xcassets in Resources */ = {isa = PBXBuildFile; fileRef = CEB965CC2633071B005C8296 /* Preview Assets.xcassets */; };
		CEB965D02633071B005C8296 /* Main.storyboard in Resources */ = {isa = PBXBuildFile; fileRef = CEB965CE2633071B005C8296 /* Main.storyboard */; };
		CEB965E326330793005C8296 /* AgoraMetalShader.metal in Sources */ = {isa = PBXBuildFile; fileRef = CEB965DA26330792005C8296 /* AgoraMetalShader.metal */; };
		CEB965E426330793005C8296 /* AgoraMetalRender.swift in Sources */ = {isa = PBXBuildFile; fileRef = CEB965DB26330792005C8296 /* AgoraMetalRender.swift */; };
		CEB965E526330793005C8296 /* ReadYuvFile.mm in Sources */ = {isa = PBXBuildFile; fileRef = CEB965DC26330792005C8296 /* ReadYuvFile.mm */; };
		CEB965E626330793005C8296 /* video.yuv in Resources */ = {isa = PBXBuildFile; fileRef = CEB965DF26330793005C8296 /* video.yuv */; };
		CEB965E926330793005C8296 /* MainController.swift in Sources */ = {isa = PBXBuildFile; fileRef = CEB965E226330793005C8296 /* MainController.swift */; };
/* End PBXBuildFile section */

/* Begin PBXFileReference section */
		CEB965C22633071A005C8296 /* SwiftYUV4Mac.app */ = {isa = PBXFileReference; explicitFileType = wrapper.application; includeInIndex = 0; path = SwiftYUV4Mac.app; sourceTree = BUILT_PRODUCTS_DIR; };
		CEB965C52633071A005C8296 /* AppDelegate.swift */ = {isa = PBXFileReference; lastKnownFileType = sourcecode.swift; path = AppDelegate.swift; sourceTree = "<group>"; };
		CEB965C72633071A005C8296 /* ContentView.swift */ = {isa = PBXFileReference; lastKnownFileType = sourcecode.swift; path = ContentView.swift; sourceTree = "<group>"; };
		CEB965C92633071B005C8296 /* Assets.xcassets */ = {isa = PBXFileReference; lastKnownFileType = folder.assetcatalog; path = Assets.xcassets; sourceTree = "<group>"; };
		CEB965CC2633071B005C8296 /* Preview Assets.xcassets */ = {isa = PBXFileReference; lastKnownFileType = folder.assetcatalog; path = "Preview Assets.xcassets"; sourceTree = "<group>"; };
		CEB965CF2633071B005C8296 /* Base */ = {isa = PBXFileReference; lastKnownFileType = file.storyboard; name = Base; path = Base.lproj/Main.storyboard; sourceTree = "<group>"; };
		CEB965D12633071B005C8296 /* Info.plist */ = {isa = PBXFileReference; lastKnownFileType = text.plist.xml; path = Info.plist; sourceTree = "<group>"; };
		CEB965D22633071B005C8296 /* SwiftYUV4Mac.entitlements */ = {isa = PBXFileReference; lastKnownFileType = text.plist.entitlements; path = SwiftYUV4Mac.entitlements; sourceTree = "<group>"; };
		CEB965D926330791005C8296 /* SwiftYUV4Mac-Bridging-Header.h */ = {isa = PBXFileReference; lastKnownFileType = sourcecode.c.h; path = "SwiftYUV4Mac-Bridging-Header.h"; sourceTree = "<group>"; };
		CEB965DA26330792005C8296 /* AgoraMetalShader.metal */ = {isa = PBXFileReference; fileEncoding = 4; lastKnownFileType = sourcecode.metal; path = AgoraMetalShader.metal; sourceTree = "<group>"; };
		CEB965DB26330792005C8296 /* AgoraMetalRender.swift */ = {isa = PBXFileReference; fileEncoding = 4; lastKnownFileType = sourcecode.swift; path = AgoraMetalRender.swift; sourceTree = "<group>"; };
		CEB965DC26330792005C8296 /* ReadYuvFile.mm */ = {isa = PBXFileReference; fileEncoding = 4; lastKnownFileType = sourcecode.cpp.objcpp; path = ReadYuvFile.mm; sourceTree = "<group>"; };
		CEB965DE26330792005C8296 /* ReadYuvFile.h */ = {isa = PBXFileReference; fileEncoding = 4; lastKnownFileType = sourcecode.c.h; path = ReadYuvFile.h; sourceTree = "<group>"; };
		CEB965DF26330793005C8296 /* video.yuv */ = {isa = PBXFileReference; fileEncoding = 4; lastKnownFileType = text; path = video.yuv; sourceTree = "<group>"; };
		CEB965E226330793005C8296 /* MainController.swift */ = {isa = PBXFileReference; fileEncoding = 4; lastKnownFileType = sourcecode.swift; path = MainController.swift; sourceTree = "<group>"; };
/* End PBXFileReference section */

/* Begin PBXFrameworksBuildPhase section */
		CEB965BF2633071A005C8296 /* Frameworks */ = {
			isa = PBXFrameworksBuildPhase;
			buildActionMask = 2147483647;
			files = (
			);
			runOnlyForDeploymentPostprocessing = 0;
		};
/* End PBXFrameworksBuildPhase section */

/* Begin PBXGroup section */
		CEB965B92633071A005C8296 = {
			isa = PBXGroup;
			children = (
				CEB965C42633071A005C8296 /* SwiftYUV4Mac */,
				CEB965C32633071A005C8296 /* Products */,
			);
			sourceTree = "<group>";
		};
		CEB965C32633071A005C8296 /* Products */ = {
			isa = PBXGroup;
			children = (
				CEB965C22633071A005C8296 /* SwiftYUV4Mac.app */,
			);
			name = Products;
			sourceTree = "<group>";
		};
		CEB965C42633071A005C8296 /* SwiftYUV4Mac */ = {
			isa = PBXGroup;
			children = (
				CEB965DB26330792005C8296 /* AgoraMetalRender.swift */,
				CEB965DA26330792005C8296 /* AgoraMetalShader.metal */,
				CEB965E226330793005C8296 /* MainController.swift */,
				CEB965DE26330792005C8296 /* ReadYuvFile.h */,
				CEB965DC26330792005C8296 /* ReadYuvFile.mm */,
				CEB965DF26330793005C8296 /* video.yuv */,
				CEB965C52633071A005C8296 /* AppDelegate.swift */,
				CEB965C72633071A005C8296 /* ContentView.swift */,
				CEB965C92633071B005C8296 /* Assets.xcassets */,
				CEB965CE2633071B005C8296 /* Main.storyboard */,
				CEB965D12633071B005C8296 /* Info.plist */,
				CEB965D22633071B005C8296 /* SwiftYUV4Mac.entitlements */,
				CEB965CB2633071B005C8296 /* Preview Content */,
				CEB965D926330791005C8296 /* SwiftYUV4Mac-Bridging-Header.h */,
			);
			path = SwiftYUV4Mac;
			sourceTree = "<group>";
		};
		CEB965CB2633071B005C8296 /* Preview Content */ = {
			isa = PBXGroup;
			children = (
				CEB965CC2633071B005C8296 /* Preview Assets.xcassets */,
			);
			path = "Preview Content";
			sourceTree = "<group>";
		};
/* End PBXGroup section */

/* Begin PBXNativeTarget section */
		CEB965C12633071A005C8296 /* SwiftYUV4Mac */ = {
			isa = PBXNativeTarget;
			buildConfigurationList = CEB965D52633071B005C8296 /* Build configuration list for PBXNativeTarget "SwiftYUV4Mac" */;
			buildPhases = (
				CEB965BE2633071A005C8296 /* Sources */,
				CEB965BF2633071A005C8296 /* Frameworks */,
				CEB965C02633071A005C8296 /* Resources */,
			);
			buildRules = (
			);
			dependencies = (
			);
			name = SwiftYUV4Mac;
			productName = SwiftYUV4Mac;
			productReference = CEB965C22633071A005C8296 /* SwiftYUV4Mac.app */;
			productType = "com.apple.product-type.application";
		};
/* End PBXNativeTarget section */

/* Begin PBXProject section */
		CEB965BA2633071A005C8296 /* Project object */ = {
			isa = PBXProject;
			attributes = {
				LastSwiftUpdateCheck = 1240;
				LastUpgradeCheck = 1240;
				TargetAttributes = {
					CEB965C12633071A005C8296 = {
						CreatedOnToolsVersion = 12.4;
						LastSwiftMigration = 1240;
					};
				};
			};
			buildConfigurationList = CEB965BD2633071A005C8296 /* Build configuration list for PBXProject "SwiftYUV4Mac" */;
			compatibilityVersion = "Xcode 9.3";
			developmentRegion = en;
			hasScannedForEncodings = 0;
			knownRegions = (
				en,
				Base,
			);
			mainGroup = CEB965B92633071A005C8296;
			productRefGroup = CEB965C32633071A005C8296 /* Products */;
			projectDirPath = "";
			projectRoot = "";
			targets = (
				CEB965C12633071A005C8296 /* SwiftYUV4Mac */,
			);
		};
/* End PBXProject section */

/* Begin PBXResourcesBuildPhase section */
		CEB965C02633071A005C8296 /* Resources */ = {
			isa = PBXResourcesBuildPhase;
			buildActionMask = 2147483647;
			files = (
				CEB965D02633071B005C8296 /* Main.storyboard in Resources */,
				CEB965CD2633071B005C8296 /* Preview Assets.xcassets in Resources */,
				CEB965E626330793005C8296 /* video.yuv in Resources */,
				CEB965CA2633071B005C8296 /* Assets.xcassets in Resources */,
			);
			runOnlyForDeploymentPostprocessing = 0;
		};
/* End PBXResourcesBuildPhase section */

/* Begin PBXSourcesBuildPhase section */
		CEB965BE2633071A005C8296 /* Sources */ = {
			isa = PBXSourcesBuildPhase;
			buildActionMask = 2147483647;
			files = (
				CEB965E926330793005C8296 /* MainController.swift in Sources */,
				CEB965C82633071A005C8296 /* ContentView.swift in Sources */,
				CEB965C62633071A005C8296 /* AppDelegate.swift in Sources */,
				CEB965E426330793005C8296 /* AgoraMetalRender.swift in Sources */,
				CEB965E526330793005C8296 /* ReadYuvFile.mm in Sources */,
				CEB965E326330793005C8296 /* AgoraMetalShader.metal in Sources */,
			);
			runOnlyForDeploymentPostprocessing = 0;
		};
/* End PBXSourcesBuildPhase section */

/* Begin PBXVariantGroup section */
		CEB965CE2633071B005C8296 /* Main.storyboard */ = {
			isa = PBXVariantGroup;
			children = (
				CEB965CF2633071B005C8296 /* Base */,
			);
			name = Main.storyboard;
			sourceTree = "<group>";
		};
/* End PBXVariantGroup section */

/* Begin XCBuildConfiguration section */
		CEB965D32633071B005C8296 /* Debug */ = {
			isa = XCBuildConfiguration;
			buildSettings = {
				ALWAYS_SEARCH_USER_PATHS = NO;
				CLANG_ANALYZER_NONNULL = YES;
				CLANG_ANALYZER_NUMBER_OBJECT_CONVERSION = YES_AGGRESSIVE;
				CLANG_CXX_LANGUAGE_STANDARD = "gnu++14";
				CLANG_CXX_LIBRARY = "libc++";
				CLANG_ENABLE_MODULES = YES;
				CLANG_ENABLE_OBJC_ARC = YES;
				CLANG_ENABLE_OBJC_WEAK = YES;
				CLANG_WARN_BLOCK_CAPTURE_AUTORELEASING = YES;
				CLANG_WARN_BOOL_CONVERSION = YES;
				CLANG_WARN_COMMA = YES;
				CLANG_WARN_CONSTANT_CONVERSION = YES;
				CLANG_WARN_DEPRECATED_OBJC_IMPLEMENTATIONS = YES;
				CLANG_WARN_DIRECT_OBJC_ISA_USAGE = YES_ERROR;
				CLANG_WARN_DOCUMENTATION_COMMENTS = YES;
				CLANG_WARN_EMPTY_BODY = YES;
				CLANG_WARN_ENUM_CONVERSION = YES;
				CLANG_WARN_INFINITE_RECURSION = YES;
				CLANG_WARN_INT_CONVERSION = YES;
				CLANG_WARN_NON_LITERAL_NULL_CONVERSION = YES;
				CLANG_WARN_OBJC_IMPLICIT_RETAIN_SELF = YES;
				CLANG_WARN_OBJC_LITERAL_CONVERSION = YES;
				CLANG_WARN_OBJC_ROOT_CLASS = YES_ERROR;
				CLANG_WARN_QUOTED_INCLUDE_IN_FRAMEWORK_HEADER = YES;
				CLANG_WARN_RANGE_LOOP_ANALYSIS = YES;
				CLANG_WARN_STRICT_PROTOTYPES = YES;
				CLANG_WARN_SUSPICIOUS_MOVE = YES;
				CLANG_WARN_UNGUARDED_AVAILABILITY = YES_AGGRESSIVE;
				CLANG_WARN_UNREACHABLE_CODE = YES;
				CLANG_WARN__DUPLICATE_METHOD_MATCH = YES;
				COPY_PHASE_STRIP = NO;
				DEBUG_INFORMATION_FORMAT = dwarf;
				ENABLE_STRICT_OBJC_MSGSEND = YES;
				ENABLE_TESTABILITY = YES;
				GCC_C_LANGUAGE_STANDARD = gnu11;
				GCC_DYNAMIC_NO_PIC = NO;
				GCC_NO_COMMON_BLOCKS = YES;
				GCC_OPTIMIZATION_LEVEL = 0;
				GCC_PREPROCESSOR_DEFINITIONS = (
					"DEBUG=1",
					"$(inherited)",
				);
				GCC_WARN_64_TO_32_BIT_CONVERSION = YES;
				GCC_WARN_ABOUT_RETURN_TYPE = YES_ERROR;
				GCC_WARN_UNDECLARED_SELECTOR = YES;
				GCC_WARN_UNINITIALIZED_AUTOS = YES_AGGRESSIVE;
				GCC_WARN_UNUSED_FUNCTION = YES;
				GCC_WARN_UNUSED_VARIABLE = YES;
				MACOSX_DEPLOYMENT_TARGET = 11.1;
				MTL_ENABLE_DEBUG_INFO = INCLUDE_SOURCE;
				MTL_FAST_MATH = YES;
				ONLY_ACTIVE_ARCH = YES;
				SDKROOT = macosx;
				SWIFT_ACTIVE_COMPILATION_CONDITIONS = DEBUG;
				SWIFT_OPTIMIZATION_LEVEL = "-Onone";
			};
			name = Debug;
		};
		CEB965D42633071B005C8296 /* Release */ = {
			isa = XCBuildConfiguration;
			buildSettings = {
				ALWAYS_SEARCH_USER_PATHS = NO;
				CLANG_ANALYZER_NONNULL = YES;
				CLANG_ANALYZER_NUMBER_OBJECT_CONVERSION = YES_AGGRESSIVE;
				CLANG_CXX_LANGUAGE_STANDARD = "gnu++14";
				CLANG_CXX_LIBRARY = "libc++";
				CLANG_ENABLE_MODULES = YES;
				CLANG_ENABLE_OBJC_ARC = YES;
				CLANG_ENABLE_OBJC_WEAK = YES;
				CLANG_WARN_BLOCK_CAPTURE_AUTORELEASING = YES;
				CLANG_WARN_BOOL_CONVERSION = YES;
				CLANG_WARN_COMMA = YES;
				CLANG_WARN_CONSTANT_CONVERSION = YES;
				CLANG_WARN_DEPRECATED_OBJC_IMPLEMENTATIONS = YES;
				CLANG_WARN_DIRECT_OBJC_ISA_USAGE = YES_ERROR;
				CLANG_WARN_DOCUMENTATION_COMMENTS = YES;
				CLANG_WARN_EMPTY_BODY = YES;
				CLANG_WARN_ENUM_CONVERSION = YES;
				CLANG_WARN_INFINITE_RECURSION = YES;
				CLANG_WARN_INT_CONVERSION = YES;
				CLANG_WARN_NON_LITERAL_NULL_CONVERSION = YES;
				CLANG_WARN_OBJC_IMPLICIT_RETAIN_SELF = YES;
				CLANG_WARN_OBJC_LITERAL_CONVERSION = YES;
				CLANG_WARN_OBJC_ROOT_CLASS = YES_ERROR;
				CLANG_WARN_QUOTED_INCLUDE_IN_FRAMEWORK_HEADER = YES;
				CLANG_WARN_RANGE_LOOP_ANALYSIS = YES;
				CLANG_WARN_STRICT_PROTOTYPES = YES;
				CLANG_WARN_SUSPICIOUS_MOVE = YES;
				CLANG_WARN_UNGUARDED_AVAILABILITY = YES_AGGRESSIVE;
				CLANG_WARN_UNREACHABLE_CODE = YES;
				CLANG_WARN__DUPLICATE_METHOD_MATCH = YES;
				COPY_PHASE_STRIP = NO;
				DEBUG_INFORMATION_FORMAT = "dwarf-with-dsym";
				ENABLE_NS_ASSERTIONS = NO;
				ENABLE_STRICT_OBJC_MSGSEND = YES;
				GCC_C_LANGUAGE_STANDARD = gnu11;
				GCC_NO_COMMON_BLOCKS = YES;
				GCC_WARN_64_TO_32_BIT_CONVERSION = YES;
				GCC_WARN_ABOUT_RETURN_TYPE = YES_ERROR;
				GCC_WARN_UNDECLARED_SELECTOR = YES;
				GCC_WARN_UNINITIALIZED_AUTOS = YES_AGGRESSIVE;
				GCC_WARN_UNUSED_FUNCTION = YES;
				GCC_WARN_UNUSED_VARIABLE = YES;
				MACOSX_DEPLOYMENT_TARGET = 11.1;
				MTL_ENABLE_DEBUG_INFO = NO;
				MTL_FAST_MATH = YES;
				SDKROOT = macosx;
				SWIFT_COMPILATION_MODE = wholemodule;
				SWIFT_OPTIMIZATION_LEVEL = "-O";
			};
			name = Release;
		};
		CEB965D62633071B005C8296 /* Debug */ = {
			isa = XCBuildConfiguration;
			buildSettings = {
				ASSETCATALOG_COMPILER_APPICON_NAME = AppIcon;
				ASSETCATALOG_COMPILER_GLOBAL_ACCENT_COLOR_NAME = AccentColor;
				CLANG_ENABLE_MODULES = YES;
				CODE_SIGN_ENTITLEMENTS = SwiftYUV4Mac/SwiftYUV4Mac.entitlements;
				CODE_SIGN_STYLE = Automatic;
				COMBINE_HIDPI_IMAGES = YES;
				DEVELOPMENT_ASSET_PATHS = "\"SwiftYUV4Mac/Preview Content\"";
				ENABLE_PREVIEWS = YES;
				INFOPLIST_FILE = SwiftYUV4Mac/Info.plist;
				LD_RUNPATH_SEARCH_PATHS = (
					"$(inherited)",
					"@executable_path/../Frameworks",
				);
				MACOSX_DEPLOYMENT_TARGET = 10.15;
				PRODUCT_BUNDLE_IDENTIFIER = com.niap.SwiftYUV4Mac;
				PRODUCT_NAME = "$(TARGET_NAME)";
				SWIFT_OBJC_BRIDGING_HEADER = "SwiftYUV4Mac/SwiftYUV4Mac-Bridging-Header.h";
				SWIFT_OPTIMIZATION_LEVEL = "-Onone";
				SWIFT_VERSION = 5.0;
			};
			name = Debug;
		};
		CEB965D72633071B005C8296 /* Release */ = {
			isa = XCBuildConfiguration;
			buildSettings = {
				ASSETCATALOG_COMPILER_APPICON_NAME = AppIcon;
				ASSETCATALOG_COMPILER_GLOBAL_ACCENT_COLOR_NAME = AccentColor;
				CLANG_ENABLE_MODULES = YES;
				CODE_SIGN_ENTITLEMENTS = SwiftYUV4Mac/SwiftYUV4Mac.entitlements;
				CODE_SIGN_STYLE = Automatic;
				COMBINE_HIDPI_IMAGES = YES;
				DEVELOPMENT_ASSET_PATHS = "\"SwiftYUV4Mac/Preview Content\"";
				ENABLE_PREVIEWS = YES;
				INFOPLIST_FILE = SwiftYUV4Mac/Info.plist;
				LD_RUNPATH_SEARCH_PATHS = (
					"$(inherited)",
					"@executable_path/../Frameworks",
				);
				MACOSX_DEPLOYMENT_TARGET = 10.15;
				PRODUCT_BUNDLE_IDENTIFIER = com.niap.SwiftYUV4Mac;
				PRODUCT_NAME = "$(TARGET_NAME)";
				SWIFT_OBJC_BRIDGING_HEADER = "SwiftYUV4Mac/SwiftYUV4Mac-Bridging-Header.h";
				SWIFT_VERSION = 5.0;
			};
			name = Release;
		};
/* End XCBuildConfiguration section */

/* Begin XCConfigurationList section */
		CEB965BD2633071A005C8296 /* Build configuration list for PBXProject "SwiftYUV4Mac" */ = {
			isa = XCConfigurationList;
			buildConfigurations = (
				CEB965D32633071B005C8296 /* Debug */,
				CEB965D42633071B005C8296 /* Release */,
			);
			defaultConfigurationIsVisible = 0;
			defaultConfigurationName = Release;
		};
		CEB965D52633071B005C8296 /* Build configuration list for PBXNativeTarget "SwiftYUV4Mac" */ = {
			isa = XCConfigurationList;
			buildConfigurations = (
				CEB965D62633071B005C8296 /* Debug */,
				CEB965D72633071B005C8296 /* Release */,
			);
			defaultConfigurationIsVisible = 0;
			defaultConfigurationName = Release;
		};
/* End XCConfigurationList section */
	};
	rootObject = CEB965BA2633071A005C8296 /* Project object */;
}
